// !$*UTF8*$!
{
	archiveVersion = 1;
	classes = {
	};
	objectVersion = 46;
	objects = {

/* Begin PBXBuildFile section */
		0628911E1DEC5D57001390B8 /* DAO.swift in Sources */ = {isa = PBXBuildFile; fileRef = 0628911D1DEC5D57001390B8 /* DAO.swift */; };
		062891201DEC5D65001390B8 /* CoreDataDAO.swift in Sources */ = {isa = PBXBuildFile; fileRef = 0628911F1DEC5D65001390B8 /* CoreDataDAO.swift */; };
		062891261DEC6441001390B8 /* NewPetViewController.swift in Sources */ = {isa = PBXBuildFile; fileRef = 062891251DEC6441001390B8 /* NewPetViewController.swift */; };
		062A1E021DF9A47B005E7C86 /* PetWatch.swift in Sources */ = {isa = PBXBuildFile; fileRef = 062A1E011DF9A47B005E7C86 /* PetWatch.swift */; };
		063080CF1DFAED640058D32A /* ActivityController.swift in Sources */ = {isa = PBXBuildFile; fileRef = 063080CE1DFAED640058D32A /* ActivityController.swift */; };
		067DAF321DF9E2F6001C929E /* DashboardWatchController.swift in Sources */ = {isa = PBXBuildFile; fileRef = 067DAF311DF9E2F6001C929E /* DashboardWatchController.swift */; };
		067DAF381DF9E738001C929E /* Interface.storyboard in Resources */ = {isa = PBXBuildFile; fileRef = 067DAF361DF9E738001C929E /* Interface.storyboard */; };
		06AB41BE1DF0563A0093EA9A /* AppointmentController.swift in Sources */ = {isa = PBXBuildFile; fileRef = 06AB41BD1DF0563A0093EA9A /* AppointmentController.swift */; };
		06AB41C01DF0586A0093EA9A /* VeterinaryViewController.swift in Sources */ = {isa = PBXBuildFile; fileRef = 06AB41BF1DF0586A0093EA9A /* VeterinaryViewController.swift */; };
		06C2F4311DFEE56500834730 /* BathWatch.swift in Sources */ = {isa = PBXBuildFile; fileRef = 06C2F4301DFEE56500834730 /* BathWatch.swift */; };
		06D895441DF82F58006E8E22 /* PetRowController.swift in Sources */ = {isa = PBXBuildFile; fileRef = 06D895431DF82F58006E8E22 /* PetRowController.swift */; };
		06F51B7B1DF8502500B485A4 /* WatchConnectivityManager.swift in Sources */ = {isa = PBXBuildFile; fileRef = 06F51B7A1DF8502500B485A4 /* WatchConnectivityManager.swift */; };
		06F51B7C1DF8515400B485A4 /* WatchConnectivityManager.swift in Sources */ = {isa = PBXBuildFile; fileRef = 06F51B7A1DF8502500B485A4 /* WatchConnectivityManager.swift */; };
		770AE52B1DEC560E007AF924 /* AnimalsViewController.swift in Sources */ = {isa = PBXBuildFile; fileRef = 770AE52A1DEC560E007AF924 /* AnimalsViewController.swift */; };
		770AE5321DEDC003007AF924 /* AnimalTableViewCell.swift in Sources */ = {isa = PBXBuildFile; fileRef = 770AE5311DEDC003007AF924 /* AnimalTableViewCell.swift */; };
		774624CF1DEF162300B78396 /* ConfirmPetViewController.swift in Sources */ = {isa = PBXBuildFile; fileRef = 774624CE1DEF162300B78396 /* ConfirmPetViewController.swift */; };
		774855881DF041FC00E38350 /* PetDashboardViewController.swift in Sources */ = {isa = PBXBuildFile; fileRef = 774855871DF041FC00E38350 /* PetDashboardViewController.swift */; };
		774855941DF0594100E38350 /* PickerDialog.swift in Sources */ = {isa = PBXBuildFile; fileRef = 774855931DF0594100E38350 /* PickerDialog.swift */; };
		7762A41F1E0025800037F72C /* RoutineView.swift in Sources */ = {isa = PBXBuildFile; fileRef = 7762A41E1E0025800037F72C /* RoutineView.swift */; };
		779B40D31DE86175004894FE /* AppDelegate.swift in Sources */ = {isa = PBXBuildFile; fileRef = 779B40D21DE86175004894FE /* AppDelegate.swift */; };
		779B40D51DE86175004894FE /* ViewController.swift in Sources */ = {isa = PBXBuildFile; fileRef = 779B40D41DE86175004894FE /* ViewController.swift */; };
		779B40D81DE86175004894FE /* Main.storyboard in Resources */ = {isa = PBXBuildFile; fileRef = 779B40D61DE86175004894FE /* Main.storyboard */; };
		779B40DA1DE86175004894FE /* Assets.xcassets in Resources */ = {isa = PBXBuildFile; fileRef = 779B40D91DE86175004894FE /* Assets.xcassets */; };
		779B40DD1DE86175004894FE /* LaunchScreen.storyboard in Resources */ = {isa = PBXBuildFile; fileRef = 779B40DB1DE86175004894FE /* LaunchScreen.storyboard */; };
		779B40E81DE86175004894FE /* PetcareTests.swift in Sources */ = {isa = PBXBuildFile; fileRef = 779B40E71DE86175004894FE /* PetcareTests.swift */; };
		779B40F31DE86175004894FE /* PetcareUITests.swift in Sources */ = {isa = PBXBuildFile; fileRef = 779B40F21DE86175004894FE /* PetcareUITests.swift */; };
		779B40F81DE86175004894FE /* Petcare WatchKit App.app in Embed Watch Content */ = {isa = PBXBuildFile; fileRef = 779B40F71DE86175004894FE /* Petcare WatchKit App.app */; };
		779B41001DE86175004894FE /* Assets.xcassets in Resources */ = {isa = PBXBuildFile; fileRef = 779B40FF1DE86175004894FE /* Assets.xcassets */; };
		779B41071DE86175004894FE /* Petcare WatchKit Extension.appex in Embed App Extensions */ = {isa = PBXBuildFile; fileRef = 779B41061DE86175004894FE /* Petcare WatchKit Extension.appex */; settings = {ATTRIBUTES = (RemoveHeadersOnCopy, ); }; };
		779B410E1DE86175004894FE /* InterfaceController.swift in Sources */ = {isa = PBXBuildFile; fileRef = 779B410D1DE86175004894FE /* InterfaceController.swift */; };
		779B41101DE86175004894FE /* ExtensionDelegate.swift in Sources */ = {isa = PBXBuildFile; fileRef = 779B410F1DE86175004894FE /* ExtensionDelegate.swift */; };
		779B41121DE86175004894FE /* NotificationController.swift in Sources */ = {isa = PBXBuildFile; fileRef = 779B41111DE86175004894FE /* NotificationController.swift */; };
		779B41141DE86175004894FE /* Assets.xcassets in Resources */ = {isa = PBXBuildFile; fileRef = 779B41131DE86175004894FE /* Assets.xcassets */; };
		C4C004201DF99501007C1025 /* RoutineTableViewCell.swift in Sources */ = {isa = PBXBuildFile; fileRef = C4C0041F1DF99501007C1025 /* RoutineTableViewCell.swift */; };
		C4D47E0B1DFECE6B002C7663 /* Routine.swift in Sources */ = {isa = PBXBuildFile; fileRef = C4D47E091DFECE6B002C7663 /* Routine.swift */; };
		C4D47E0C1DFECE6B002C7663 /* Routine+CoreDataProperties.swift in Sources */ = {isa = PBXBuildFile; fileRef = C4D47E0A1DFECE6B002C7663 /* Routine+CoreDataProperties.swift */; };
		C4D47E0F1DFECEA2002C7663 /* Veterinary.swift in Sources */ = {isa = PBXBuildFile; fileRef = C4D47E0D1DFECEA2002C7663 /* Veterinary.swift */; };
		C4D47E101DFECEA2002C7663 /* Veterinary+CoreDataProperties.swift in Sources */ = {isa = PBXBuildFile; fileRef = C4D47E0E1DFECEA2002C7663 /* Veterinary+CoreDataProperties.swift */; };
		C4D47E131DFECEA9002C7663 /* Appointment.swift in Sources */ = {isa = PBXBuildFile; fileRef = C4D47E111DFECEA9002C7663 /* Appointment.swift */; };
		C4D47E141DFECEA9002C7663 /* Appointment+CoreDataProperties.swift in Sources */ = {isa = PBXBuildFile; fileRef = C4D47E121DFECEA9002C7663 /* Appointment+CoreDataProperties.swift */; };
		C4D47E171DFECEB0002C7663 /* Pet.swift in Sources */ = {isa = PBXBuildFile; fileRef = C4D47E151DFECEB0002C7663 /* Pet.swift */; };
		C4D47E181DFECEB0002C7663 /* Pet+CoreDataProperties.swift in Sources */ = {isa = PBXBuildFile; fileRef = C4D47E161DFECEB0002C7663 /* Pet+CoreDataProperties.swift */; };
		C4D47E361DFECF1C002C7663 /* Petcare.xcdatamodel in Sources */ = {isa = PBXBuildFile; fileRef = C4D47E351DFECF1C002C7663 /* Petcare.xcdatamodel */; };
		C4D47E551DFED4CF002C7663 /* Bath.swift in Sources */ = {isa = PBXBuildFile; fileRef = C4D47E531DFED4CF002C7663 /* Bath.swift */; };
		C4D47E561DFED4CF002C7663 /* Bath+CoreDataProperties.swift in Sources */ = {isa = PBXBuildFile; fileRef = C4D47E541DFED4CF002C7663 /* Bath+CoreDataProperties.swift */; };
		C4D47E591DFED4DA002C7663 /* Deworming.swift in Sources */ = {isa = PBXBuildFile; fileRef = C4D47E571DFED4DA002C7663 /* Deworming.swift */; };
		C4D47E5A1DFED4DA002C7663 /* Deworming+CoreDataProperties.swift in Sources */ = {isa = PBXBuildFile; fileRef = C4D47E581DFED4DA002C7663 /* Deworming+CoreDataProperties.swift */; };
		C4D47E5D1DFED4DF002C7663 /* Hair.swift in Sources */ = {isa = PBXBuildFile; fileRef = C4D47E5B1DFED4DF002C7663 /* Hair.swift */; };
		C4D47E5E1DFED4DF002C7663 /* Hair+CoreDataProperties.swift in Sources */ = {isa = PBXBuildFile; fileRef = C4D47E5C1DFED4DF002C7663 /* Hair+CoreDataProperties.swift */; };
		C4D47E621DFED50E002C7663 /* Nails.swift in Sources */ = {isa = PBXBuildFile; fileRef = C4D47E601DFED50E002C7663 /* Nails.swift */; };
		C4D47E631DFED50E002C7663 /* Nails+CoreDataProperties.swift in Sources */ = {isa = PBXBuildFile; fileRef = C4D47E611DFED50E002C7663 /* Nails+CoreDataProperties.swift */; };
		C4D47E661DFED529002C7663 /* Recreation.swift in Sources */ = {isa = PBXBuildFile; fileRef = C4D47E641DFED529002C7663 /* Recreation.swift */; };
		C4D47E671DFED529002C7663 /* Recreation+CoreDataProperties.swift in Sources */ = {isa = PBXBuildFile; fileRef = C4D47E651DFED529002C7663 /* Recreation+CoreDataProperties.swift */; };
		C4D47E6A1DFED532002C7663 /* Teeth.swift in Sources */ = {isa = PBXBuildFile; fileRef = C4D47E681DFED532002C7663 /* Teeth.swift */; };
		C4D47E6B1DFED532002C7663 /* Teeth+CoreDataProperties.swift in Sources */ = {isa = PBXBuildFile; fileRef = C4D47E691DFED532002C7663 /* Teeth+CoreDataProperties.swift */; };
		C4D47E6E1DFED53B002C7663 /* Vaccination.swift in Sources */ = {isa = PBXBuildFile; fileRef = C4D47E6C1DFED53B002C7663 /* Vaccination.swift */; };
		C4D47E6F1DFED53B002C7663 /* Vaccination+CoreDataProperties.swift in Sources */ = {isa = PBXBuildFile; fileRef = C4D47E6D1DFED53B002C7663 /* Vaccination+CoreDataProperties.swift */; };
		C4E94E6F1DEEFCE1001C5624 /* RoutineViewController.swift in Sources */ = {isa = PBXBuildFile; fileRef = C4E94E681DEEFCE1001C5624 /* RoutineViewController.swift */; };
		C6DCB5E9C37180FEAB38DD44 /* Pods_Petcare.framework in Frameworks */ = {isa = PBXBuildFile; fileRef = 2B4BE8513E9948478F8E6E7E /* Pods_Petcare.framework */; };
		CC0B93260D2AC8DF15BABEBA /* Pods_Petcare_WatchKit_Extension.framework in Frameworks */ = {isa = PBXBuildFile; fileRef = 8CADA92AA318E2B593DCED91 /* Pods_Petcare_WatchKit_Extension.framework */; };
		E5E1502CBC7AAB6E29FA95DB /* Pods_Petcare_WatchKit_App.framework in Frameworks */ = {isa = PBXBuildFile; fileRef = F4C390F7814FEEED0531804B /* Pods_Petcare_WatchKit_App.framework */; };
		EC42328E09C8A1EAC40DBD07 /* Pods_PetcareUITests.framework in Frameworks */ = {isa = PBXBuildFile; fileRef = 01A31CB3FEA6B1742D7C9D4C /* Pods_PetcareUITests.framework */; };
		FB55105FA19023341927DF71 /* Pods_PetcareTests.framework in Frameworks */ = {isa = PBXBuildFile; fileRef = B0A52780C83762FB4273BF00 /* Pods_PetcareTests.framework */; };
/* End PBXBuildFile section */

/* Begin PBXContainerItemProxy section */
		779B40E41DE86175004894FE /* PBXContainerItemProxy */ = {
			isa = PBXContainerItemProxy;
			containerPortal = 779B40C71DE86174004894FE /* Project object */;
			proxyType = 1;
			remoteGlobalIDString = 779B40CE1DE86174004894FE;
			remoteInfo = Petcare;
		};
		779B40EF1DE86175004894FE /* PBXContainerItemProxy */ = {
			isa = PBXContainerItemProxy;
			containerPortal = 779B40C71DE86174004894FE /* Project object */;
			proxyType = 1;
			remoteGlobalIDString = 779B40CE1DE86174004894FE;
			remoteInfo = Petcare;
		};
		779B40F91DE86175004894FE /* PBXContainerItemProxy */ = {
			isa = PBXContainerItemProxy;
			containerPortal = 779B40C71DE86174004894FE /* Project object */;
			proxyType = 1;
			remoteGlobalIDString = 779B40F61DE86175004894FE;
			remoteInfo = "Petcare WatchKit App";
		};
		779B41081DE86175004894FE /* PBXContainerItemProxy */ = {
			isa = PBXContainerItemProxy;
			containerPortal = 779B40C71DE86174004894FE /* Project object */;
			proxyType = 1;
			remoteGlobalIDString = 779B41051DE86175004894FE;
			remoteInfo = "Petcare WatchKit Extension";
		};
/* End PBXContainerItemProxy section */

/* Begin PBXCopyFilesBuildPhase section */
		779B411B1DE86175004894FE /* Embed App Extensions */ = {
			isa = PBXCopyFilesBuildPhase;
			buildActionMask = 2147483647;
			dstPath = "";
			dstSubfolderSpec = 13;
			files = (
				779B41071DE86175004894FE /* Petcare WatchKit Extension.appex in Embed App Extensions */,
			);
			name = "Embed App Extensions";
			runOnlyForDeploymentPostprocessing = 0;
		};
		779B411F1DE86175004894FE /* Embed Watch Content */ = {
			isa = PBXCopyFilesBuildPhase;
			buildActionMask = 2147483647;
			dstPath = "$(CONTENTS_FOLDER_PATH)/Watch";
			dstSubfolderSpec = 16;
			files = (
				779B40F81DE86175004894FE /* Petcare WatchKit App.app in Embed Watch Content */,
			);
			name = "Embed Watch Content";
			runOnlyForDeploymentPostprocessing = 0;
		};
/* End PBXCopyFilesBuildPhase section */

/* Begin PBXFileReference section */
		01A31CB3FEA6B1742D7C9D4C /* Pods_PetcareUITests.framework */ = {isa = PBXFileReference; explicitFileType = wrapper.framework; includeInIndex = 0; path = Pods_PetcareUITests.framework; sourceTree = BUILT_PRODUCTS_DIR; };
		0628911D1DEC5D57001390B8 /* DAO.swift */ = {isa = PBXFileReference; fileEncoding = 4; lastKnownFileType = sourcecode.swift; path = DAO.swift; sourceTree = "<group>"; };
		0628911F1DEC5D65001390B8 /* CoreDataDAO.swift */ = {isa = PBXFileReference; fileEncoding = 4; lastKnownFileType = sourcecode.swift; path = CoreDataDAO.swift; sourceTree = "<group>"; };
		062891251DEC6441001390B8 /* NewPetViewController.swift */ = {isa = PBXFileReference; fileEncoding = 4; lastKnownFileType = sourcecode.swift; path = NewPetViewController.swift; sourceTree = "<group>"; };
		062A1E011DF9A47B005E7C86 /* PetWatch.swift */ = {isa = PBXFileReference; fileEncoding = 4; lastKnownFileType = sourcecode.swift; path = PetWatch.swift; sourceTree = "<group>"; };
		063080CE1DFAED640058D32A /* ActivityController.swift */ = {isa = PBXFileReference; fileEncoding = 4; lastKnownFileType = sourcecode.swift; path = ActivityController.swift; sourceTree = "<group>"; };
		066210301DF6DFF000091DCC /* Petcare WatchKit App.entitlements */ = {isa = PBXFileReference; lastKnownFileType = text.plist.entitlements; path = "Petcare WatchKit App.entitlements"; sourceTree = "<group>"; };
		066210311DF6E11900091DCC /* Petcare.entitlements */ = {isa = PBXFileReference; lastKnownFileType = text.plist.entitlements; path = Petcare.entitlements; sourceTree = "<group>"; };
		067DAF311DF9E2F6001C929E /* DashboardWatchController.swift */ = {isa = PBXFileReference; fileEncoding = 4; lastKnownFileType = sourcecode.swift; path = DashboardWatchController.swift; sourceTree = "<group>"; };
		067DAF371DF9E738001C929E /* Base */ = {isa = PBXFileReference; lastKnownFileType = file.storyboard; name = Base; path = Base.lproj/Interface.storyboard; sourceTree = "<group>"; };
		06AB41BD1DF0563A0093EA9A /* AppointmentController.swift */ = {isa = PBXFileReference; fileEncoding = 4; lastKnownFileType = sourcecode.swift; path = AppointmentController.swift; sourceTree = "<group>"; };
		06AB41BF1DF0586A0093EA9A /* VeterinaryViewController.swift */ = {isa = PBXFileReference; fileEncoding = 4; lastKnownFileType = sourcecode.swift; path = VeterinaryViewController.swift; sourceTree = "<group>"; };
		06C2F4301DFEE56500834730 /* BathWatch.swift */ = {isa = PBXFileReference; fileEncoding = 4; lastKnownFileType = sourcecode.swift; path = BathWatch.swift; sourceTree = "<group>"; };
		06D895431DF82F58006E8E22 /* PetRowController.swift */ = {isa = PBXFileReference; fileEncoding = 4; lastKnownFileType = sourcecode.swift; path = PetRowController.swift; sourceTree = "<group>"; };
		06F51B7A1DF8502500B485A4 /* WatchConnectivityManager.swift */ = {isa = PBXFileReference; fileEncoding = 4; lastKnownFileType = sourcecode.swift; path = WatchConnectivityManager.swift; sourceTree = "<group>"; };
		1FDB8584CDD5000099B74081 /* Pods-Petcare WatchKit Extension.debug.xcconfig */ = {isa = PBXFileReference; includeInIndex = 1; lastKnownFileType = text.xcconfig; name = "Pods-Petcare WatchKit Extension.debug.xcconfig"; path = "Pods/Target Support Files/Pods-Petcare WatchKit Extension/Pods-Petcare WatchKit Extension.debug.xcconfig"; sourceTree = "<group>"; };
		2B4BE8513E9948478F8E6E7E /* Pods_Petcare.framework */ = {isa = PBXFileReference; explicitFileType = wrapper.framework; includeInIndex = 0; path = Pods_Petcare.framework; sourceTree = BUILT_PRODUCTS_DIR; };
		2DDCAB02721558472E3307D7 /* Pods-PetcareUITests.debug.xcconfig */ = {isa = PBXFileReference; includeInIndex = 1; lastKnownFileType = text.xcconfig; name = "Pods-PetcareUITests.debug.xcconfig"; path = "Pods/Target Support Files/Pods-PetcareUITests/Pods-PetcareUITests.debug.xcconfig"; sourceTree = "<group>"; };
		4BE665200DD1FF7092FB324E /* Pods-Petcare.release.xcconfig */ = {isa = PBXFileReference; includeInIndex = 1; lastKnownFileType = text.xcconfig; name = "Pods-Petcare.release.xcconfig"; path = "Pods/Target Support Files/Pods-Petcare/Pods-Petcare.release.xcconfig"; sourceTree = "<group>"; };
		7670A41396A6F43A4352E2D4 /* Pods-Petcare WatchKit App.release.xcconfig */ = {isa = PBXFileReference; includeInIndex = 1; lastKnownFileType = text.xcconfig; name = "Pods-Petcare WatchKit App.release.xcconfig"; path = "Pods/Target Support Files/Pods-Petcare WatchKit App/Pods-Petcare WatchKit App.release.xcconfig"; sourceTree = "<group>"; };
		770AE52A1DEC560E007AF924 /* AnimalsViewController.swift */ = {isa = PBXFileReference; fileEncoding = 4; lastKnownFileType = sourcecode.swift; path = AnimalsViewController.swift; sourceTree = "<group>"; };
		770AE5311DEDC003007AF924 /* AnimalTableViewCell.swift */ = {isa = PBXFileReference; fileEncoding = 4; lastKnownFileType = sourcecode.swift; path = AnimalTableViewCell.swift; sourceTree = "<group>"; };
		774624CE1DEF162300B78396 /* ConfirmPetViewController.swift */ = {isa = PBXFileReference; fileEncoding = 4; lastKnownFileType = sourcecode.swift; path = ConfirmPetViewController.swift; sourceTree = "<group>"; };
		774855871DF041FC00E38350 /* PetDashboardViewController.swift */ = {isa = PBXFileReference; fileEncoding = 4; lastKnownFileType = sourcecode.swift; path = PetDashboardViewController.swift; sourceTree = "<group>"; };
		774855931DF0594100E38350 /* PickerDialog.swift */ = {isa = PBXFileReference; fileEncoding = 4; lastKnownFileType = sourcecode.swift; path = PickerDialog.swift; sourceTree = "<group>"; };
		7762A41E1E0025800037F72C /* RoutineView.swift */ = {isa = PBXFileReference; fileEncoding = 4; lastKnownFileType = sourcecode.swift; path = RoutineView.swift; sourceTree = "<group>"; };
		779B40CF1DE86175004894FE /* Petcare.app */ = {isa = PBXFileReference; explicitFileType = wrapper.application; includeInIndex = 0; path = Petcare.app; sourceTree = BUILT_PRODUCTS_DIR; };
		779B40D21DE86175004894FE /* AppDelegate.swift */ = {isa = PBXFileReference; lastKnownFileType = sourcecode.swift; path = AppDelegate.swift; sourceTree = "<group>"; };
		779B40D41DE86175004894FE /* ViewController.swift */ = {isa = PBXFileReference; lastKnownFileType = sourcecode.swift; path = ViewController.swift; sourceTree = "<group>"; };
		779B40D71DE86175004894FE /* Base */ = {isa = PBXFileReference; lastKnownFileType = file.storyboard; name = Base; path = Base.lproj/Main.storyboard; sourceTree = "<group>"; };
		779B40D91DE86175004894FE /* Assets.xcassets */ = {isa = PBXFileReference; lastKnownFileType = folder.assetcatalog; path = Assets.xcassets; sourceTree = "<group>"; };
		779B40DC1DE86175004894FE /* Base */ = {isa = PBXFileReference; lastKnownFileType = file.storyboard; name = Base; path = Base.lproj/LaunchScreen.storyboard; sourceTree = "<group>"; };
		779B40DE1DE86175004894FE /* Info.plist */ = {isa = PBXFileReference; lastKnownFileType = text.plist.xml; path = Info.plist; sourceTree = "<group>"; };
		779B40E31DE86175004894FE /* PetcareTests.xctest */ = {isa = PBXFileReference; explicitFileType = wrapper.cfbundle; includeInIndex = 0; path = PetcareTests.xctest; sourceTree = BUILT_PRODUCTS_DIR; };
		779B40E71DE86175004894FE /* PetcareTests.swift */ = {isa = PBXFileReference; lastKnownFileType = sourcecode.swift; path = PetcareTests.swift; sourceTree = "<group>"; };
		779B40E91DE86175004894FE /* Info.plist */ = {isa = PBXFileReference; lastKnownFileType = text.plist.xml; path = Info.plist; sourceTree = "<group>"; };
		779B40EE1DE86175004894FE /* PetcareUITests.xctest */ = {isa = PBXFileReference; explicitFileType = wrapper.cfbundle; includeInIndex = 0; path = PetcareUITests.xctest; sourceTree = BUILT_PRODUCTS_DIR; };
		779B40F21DE86175004894FE /* PetcareUITests.swift */ = {isa = PBXFileReference; lastKnownFileType = sourcecode.swift; path = PetcareUITests.swift; sourceTree = "<group>"; };
		779B40F41DE86175004894FE /* Info.plist */ = {isa = PBXFileReference; lastKnownFileType = text.plist.xml; path = Info.plist; sourceTree = "<group>"; };
		779B40F71DE86175004894FE /* Petcare WatchKit App.app */ = {isa = PBXFileReference; explicitFileType = wrapper.application; includeInIndex = 0; path = "Petcare WatchKit App.app"; sourceTree = BUILT_PRODUCTS_DIR; };
		779B40FF1DE86175004894FE /* Assets.xcassets */ = {isa = PBXFileReference; lastKnownFileType = folder.assetcatalog; path = Assets.xcassets; sourceTree = "<group>"; };
		779B41011DE86175004894FE /* Info.plist */ = {isa = PBXFileReference; lastKnownFileType = text.plist.xml; path = Info.plist; sourceTree = "<group>"; };
		779B41061DE86175004894FE /* Petcare WatchKit Extension.appex */ = {isa = PBXFileReference; explicitFileType = "wrapper.app-extension"; includeInIndex = 0; path = "Petcare WatchKit Extension.appex"; sourceTree = BUILT_PRODUCTS_DIR; };
		779B410C1DE86175004894FE /* PushNotificationPayload.apns */ = {isa = PBXFileReference; lastKnownFileType = text; path = PushNotificationPayload.apns; sourceTree = "<group>"; };
		779B410D1DE86175004894FE /* InterfaceController.swift */ = {isa = PBXFileReference; lastKnownFileType = sourcecode.swift; path = InterfaceController.swift; sourceTree = "<group>"; };
		779B410F1DE86175004894FE /* ExtensionDelegate.swift */ = {isa = PBXFileReference; lastKnownFileType = sourcecode.swift; path = ExtensionDelegate.swift; sourceTree = "<group>"; };
		779B41111DE86175004894FE /* NotificationController.swift */ = {isa = PBXFileReference; lastKnownFileType = sourcecode.swift; path = NotificationController.swift; sourceTree = "<group>"; };
		779B41131DE86175004894FE /* Assets.xcassets */ = {isa = PBXFileReference; lastKnownFileType = folder.assetcatalog; path = Assets.xcassets; sourceTree = "<group>"; };
		779B41151DE86175004894FE /* Info.plist */ = {isa = PBXFileReference; lastKnownFileType = text.plist.xml; path = Info.plist; sourceTree = "<group>"; };
		7CB1FB67D5FFAF518ADC35AB /* Pods-Petcare.debug.xcconfig */ = {isa = PBXFileReference; includeInIndex = 1; lastKnownFileType = text.xcconfig; name = "Pods-Petcare.debug.xcconfig"; path = "Pods/Target Support Files/Pods-Petcare/Pods-Petcare.debug.xcconfig"; sourceTree = "<group>"; };
		8CADA92AA318E2B593DCED91 /* Pods_Petcare_WatchKit_Extension.framework */ = {isa = PBXFileReference; explicitFileType = wrapper.framework; includeInIndex = 0; path = Pods_Petcare_WatchKit_Extension.framework; sourceTree = BUILT_PRODUCTS_DIR; };
		B0A52780C83762FB4273BF00 /* Pods_PetcareTests.framework */ = {isa = PBXFileReference; explicitFileType = wrapper.framework; includeInIndex = 0; path = Pods_PetcareTests.framework; sourceTree = BUILT_PRODUCTS_DIR; };
		C4C0041F1DF99501007C1025 /* RoutineTableViewCell.swift */ = {isa = PBXFileReference; fileEncoding = 4; lastKnownFileType = sourcecode.swift; path = RoutineTableViewCell.swift; sourceTree = "<group>"; };
		C4D47E091DFECE6B002C7663 /* Routine.swift */ = {isa = PBXFileReference; fileEncoding = 4; lastKnownFileType = sourcecode.swift; path = Routine.swift; sourceTree = "<group>"; };
		C4D47E0A1DFECE6B002C7663 /* Routine+CoreDataProperties.swift */ = {isa = PBXFileReference; fileEncoding = 4; lastKnownFileType = sourcecode.swift; path = "Routine+CoreDataProperties.swift"; sourceTree = "<group>"; };
		C4D47E0D1DFECEA2002C7663 /* Veterinary.swift */ = {isa = PBXFileReference; fileEncoding = 4; lastKnownFileType = sourcecode.swift; path = Veterinary.swift; sourceTree = "<group>"; };
		C4D47E0E1DFECEA2002C7663 /* Veterinary+CoreDataProperties.swift */ = {isa = PBXFileReference; fileEncoding = 4; lastKnownFileType = sourcecode.swift; path = "Veterinary+CoreDataProperties.swift"; sourceTree = "<group>"; };
		C4D47E111DFECEA9002C7663 /* Appointment.swift */ = {isa = PBXFileReference; fileEncoding = 4; lastKnownFileType = sourcecode.swift; path = Appointment.swift; sourceTree = "<group>"; };
		C4D47E121DFECEA9002C7663 /* Appointment+CoreDataProperties.swift */ = {isa = PBXFileReference; fileEncoding = 4; lastKnownFileType = sourcecode.swift; path = "Appointment+CoreDataProperties.swift"; sourceTree = "<group>"; };
		C4D47E151DFECEB0002C7663 /* Pet.swift */ = {isa = PBXFileReference; fileEncoding = 4; lastKnownFileType = sourcecode.swift; path = Pet.swift; sourceTree = "<group>"; };
		C4D47E161DFECEB0002C7663 /* Pet+CoreDataProperties.swift */ = {isa = PBXFileReference; fileEncoding = 4; lastKnownFileType = sourcecode.swift; path = "Pet+CoreDataProperties.swift"; sourceTree = "<group>"; };
		C4D47E351DFECF1C002C7663 /* Petcare.xcdatamodel */ = {isa = PBXFileReference; lastKnownFileType = wrapper.xcdatamodel; path = Petcare.xcdatamodel; sourceTree = "<group>"; };
		C4D47E531DFED4CF002C7663 /* Bath.swift */ = {isa = PBXFileReference; fileEncoding = 4; lastKnownFileType = sourcecode.swift; name = Bath.swift; path = Petcare/Bath.swift; sourceTree = "<group>"; };
		C4D47E541DFED4CF002C7663 /* Bath+CoreDataProperties.swift */ = {isa = PBXFileReference; fileEncoding = 4; lastKnownFileType = sourcecode.swift; name = "Bath+CoreDataProperties.swift"; path = "Petcare/Bath+CoreDataProperties.swift"; sourceTree = "<group>"; };
		C4D47E571DFED4DA002C7663 /* Deworming.swift */ = {isa = PBXFileReference; fileEncoding = 4; lastKnownFileType = sourcecode.swift; name = Deworming.swift; path = Petcare/Deworming.swift; sourceTree = "<group>"; };
		C4D47E581DFED4DA002C7663 /* Deworming+CoreDataProperties.swift */ = {isa = PBXFileReference; fileEncoding = 4; lastKnownFileType = sourcecode.swift; name = "Deworming+CoreDataProperties.swift"; path = "Petcare/Deworming+CoreDataProperties.swift"; sourceTree = "<group>"; };
		C4D47E5B1DFED4DF002C7663 /* Hair.swift */ = {isa = PBXFileReference; fileEncoding = 4; lastKnownFileType = sourcecode.swift; name = Hair.swift; path = Petcare/Hair.swift; sourceTree = "<group>"; };
		C4D47E5C1DFED4DF002C7663 /* Hair+CoreDataProperties.swift */ = {isa = PBXFileReference; fileEncoding = 4; lastKnownFileType = sourcecode.swift; name = "Hair+CoreDataProperties.swift"; path = "Petcare/Hair+CoreDataProperties.swift"; sourceTree = "<group>"; };
		C4D47E601DFED50E002C7663 /* Nails.swift */ = {isa = PBXFileReference; fileEncoding = 4; lastKnownFileType = sourcecode.swift; path = Nails.swift; sourceTree = "<group>"; };
		C4D47E611DFED50E002C7663 /* Nails+CoreDataProperties.swift */ = {isa = PBXFileReference; fileEncoding = 4; lastKnownFileType = sourcecode.swift; path = "Nails+CoreDataProperties.swift"; sourceTree = "<group>"; };
		C4D47E641DFED529002C7663 /* Recreation.swift */ = {isa = PBXFileReference; fileEncoding = 4; lastKnownFileType = sourcecode.swift; name = Recreation.swift; path = Petcare/Recreation.swift; sourceTree = "<group>"; };
		C4D47E651DFED529002C7663 /* Recreation+CoreDataProperties.swift */ = {isa = PBXFileReference; fileEncoding = 4; lastKnownFileType = sourcecode.swift; name = "Recreation+CoreDataProperties.swift"; path = "Petcare/Recreation+CoreDataProperties.swift"; sourceTree = "<group>"; };
		C4D47E681DFED532002C7663 /* Teeth.swift */ = {isa = PBXFileReference; fileEncoding = 4; lastKnownFileType = sourcecode.swift; name = Teeth.swift; path = Petcare/Teeth.swift; sourceTree = "<group>"; };
		C4D47E691DFED532002C7663 /* Teeth+CoreDataProperties.swift */ = {isa = PBXFileReference; fileEncoding = 4; lastKnownFileType = sourcecode.swift; name = "Teeth+CoreDataProperties.swift"; path = "Petcare/Teeth+CoreDataProperties.swift"; sourceTree = "<group>"; };
		C4D47E6C1DFED53B002C7663 /* Vaccination.swift */ = {isa = PBXFileReference; fileEncoding = 4; lastKnownFileType = sourcecode.swift; name = Vaccination.swift; path = Petcare/Vaccination.swift; sourceTree = "<group>"; };
		C4D47E6D1DFED53B002C7663 /* Vaccination+CoreDataProperties.swift */ = {isa = PBXFileReference; fileEncoding = 4; lastKnownFileType = sourcecode.swift; name = "Vaccination+CoreDataProperties.swift"; path = "Petcare/Vaccination+CoreDataProperties.swift"; sourceTree = "<group>"; };
		C4E94E681DEEFCE1001C5624 /* RoutineViewController.swift */ = {isa = PBXFileReference; fileEncoding = 4; lastKnownFileType = sourcecode.swift; path = RoutineViewController.swift; sourceTree = "<group>"; };
		CB3278B5DB07D3AD800B3A5E /* Pods-Petcare WatchKit Extension.release.xcconfig */ = {isa = PBXFileReference; includeInIndex = 1; lastKnownFileType = text.xcconfig; name = "Pods-Petcare WatchKit Extension.release.xcconfig"; path = "Pods/Target Support Files/Pods-Petcare WatchKit Extension/Pods-Petcare WatchKit Extension.release.xcconfig"; sourceTree = "<group>"; };
		E2D93F595733DD15D2318847 /* Pods-PetcareUITests.release.xcconfig */ = {isa = PBXFileReference; includeInIndex = 1; lastKnownFileType = text.xcconfig; name = "Pods-PetcareUITests.release.xcconfig"; path = "Pods/Target Support Files/Pods-PetcareUITests/Pods-PetcareUITests.release.xcconfig"; sourceTree = "<group>"; };
		F086B01B1A486383CCDF43F8 /* Pods-PetcareTests.release.xcconfig */ = {isa = PBXFileReference; includeInIndex = 1; lastKnownFileType = text.xcconfig; name = "Pods-PetcareTests.release.xcconfig"; path = "Pods/Target Support Files/Pods-PetcareTests/Pods-PetcareTests.release.xcconfig"; sourceTree = "<group>"; };
		F339D5D449296BC674F7F398 /* Pods-Petcare WatchKit App.debug.xcconfig */ = {isa = PBXFileReference; includeInIndex = 1; lastKnownFileType = text.xcconfig; name = "Pods-Petcare WatchKit App.debug.xcconfig"; path = "Pods/Target Support Files/Pods-Petcare WatchKit App/Pods-Petcare WatchKit App.debug.xcconfig"; sourceTree = "<group>"; };
		F4C390F7814FEEED0531804B /* Pods_Petcare_WatchKit_App.framework */ = {isa = PBXFileReference; explicitFileType = wrapper.framework; includeInIndex = 0; path = Pods_Petcare_WatchKit_App.framework; sourceTree = BUILT_PRODUCTS_DIR; };
		F73E45046C828AEF3A504BBB /* Pods-PetcareTests.debug.xcconfig */ = {isa = PBXFileReference; includeInIndex = 1; lastKnownFileType = text.xcconfig; name = "Pods-PetcareTests.debug.xcconfig"; path = "Pods/Target Support Files/Pods-PetcareTests/Pods-PetcareTests.debug.xcconfig"; sourceTree = "<group>"; };
/* End PBXFileReference section */

/* Begin PBXFrameworksBuildPhase section */
		779B40CC1DE86174004894FE /* Frameworks */ = {
			isa = PBXFrameworksBuildPhase;
			buildActionMask = 2147483647;
			files = (
				C6DCB5E9C37180FEAB38DD44 /* Pods_Petcare.framework in Frameworks */,
			);
			runOnlyForDeploymentPostprocessing = 0;
		};
		779B40E01DE86175004894FE /* Frameworks */ = {
			isa = PBXFrameworksBuildPhase;
			buildActionMask = 2147483647;
			files = (
				FB55105FA19023341927DF71 /* Pods_PetcareTests.framework in Frameworks */,
			);
			runOnlyForDeploymentPostprocessing = 0;
		};
		779B40EB1DE86175004894FE /* Frameworks */ = {
			isa = PBXFrameworksBuildPhase;
			buildActionMask = 2147483647;
			files = (
				EC42328E09C8A1EAC40DBD07 /* Pods_PetcareUITests.framework in Frameworks */,
			);
			runOnlyForDeploymentPostprocessing = 0;
		};
		779B41031DE86175004894FE /* Frameworks */ = {
			isa = PBXFrameworksBuildPhase;
			buildActionMask = 2147483647;
			files = (
				CC0B93260D2AC8DF15BABEBA /* Pods_Petcare_WatchKit_Extension.framework in Frameworks */,
			);
			runOnlyForDeploymentPostprocessing = 0;
		};
		BD0B14BC7B75D0D1B300BA6E /* Frameworks */ = {
			isa = PBXFrameworksBuildPhase;
			buildActionMask = 2147483647;
			files = (
				E5E1502CBC7AAB6E29FA95DB /* Pods_Petcare_WatchKit_App.framework in Frameworks */,
			);
			runOnlyForDeploymentPostprocessing = 0;
		};
/* End PBXFrameworksBuildPhase section */

/* Begin PBXGroup section */
		062A1E001DF9A461005E7C86 /* Model */ = {
			isa = PBXGroup;
			children = (
				062A1E011DF9A47B005E7C86 /* PetWatch.swift */,
				06C2F4301DFEE56500834730 /* BathWatch.swift */,
			);
			name = Model;
			sourceTree = "<group>";
		};
		06AB41BB1DF04D980093EA9A /* Appoitment */ = {
			isa = PBXGroup;
			children = (
				C4D47E111DFECEA9002C7663 /* Appointment.swift */,
				C4D47E121DFECEA9002C7663 /* Appointment+CoreDataProperties.swift */,
			);
			name = Appoitment;
			sourceTree = "<group>";
		};
		06AB41BC1DF04DC20093EA9A /* Veterinary */ = {
			isa = PBXGroup;
			children = (
				C4D47E0D1DFECEA2002C7663 /* Veterinary.swift */,
				C4D47E0E1DFECEA2002C7663 /* Veterinary+CoreDataProperties.swift */,
			);
			name = Veterinary;
			sourceTree = "<group>";
		};
		06F51B791DF84FEF00B485A4 /* Shared */ = {
			isa = PBXGroup;
			children = (
				06F51B7A1DF8502500B485A4 /* WatchConnectivityManager.swift */,
			);
			name = Shared;
			sourceTree = "<group>";
		};
		71B7A450B6F07C3D8EA5CAE0 /* Pods */ = {
			isa = PBXGroup;
			children = (
				7CB1FB67D5FFAF518ADC35AB /* Pods-Petcare.debug.xcconfig */,
				4BE665200DD1FF7092FB324E /* Pods-Petcare.release.xcconfig */,
				F339D5D449296BC674F7F398 /* Pods-Petcare WatchKit App.debug.xcconfig */,
				7670A41396A6F43A4352E2D4 /* Pods-Petcare WatchKit App.release.xcconfig */,
				1FDB8584CDD5000099B74081 /* Pods-Petcare WatchKit Extension.debug.xcconfig */,
				CB3278B5DB07D3AD800B3A5E /* Pods-Petcare WatchKit Extension.release.xcconfig */,
				F73E45046C828AEF3A504BBB /* Pods-PetcareTests.debug.xcconfig */,
				F086B01B1A486383CCDF43F8 /* Pods-PetcareTests.release.xcconfig */,
				2DDCAB02721558472E3307D7 /* Pods-PetcareUITests.debug.xcconfig */,
				E2D93F595733DD15D2318847 /* Pods-PetcareUITests.release.xcconfig */,
			);
			name = Pods;
			sourceTree = "<group>";
		};
		770AE5291DEC55F0007AF924 /* Controllers */ = {
			isa = PBXGroup;
			children = (
				C4E94E681DEEFCE1001C5624 /* RoutineViewController.swift */,
				062891251DEC6441001390B8 /* NewPetViewController.swift */,
				770AE52A1DEC560E007AF924 /* AnimalsViewController.swift */,
				774624CE1DEF162300B78396 /* ConfirmPetViewController.swift */,
				774855871DF041FC00E38350 /* PetDashboardViewController.swift */,
				06AB41BD1DF0563A0093EA9A /* AppointmentController.swift */,
				06AB41BF1DF0586A0093EA9A /* VeterinaryViewController.swift */,
				C4C0041F1DF99501007C1025 /* RoutineTableViewCell.swift */,
			);
			name = Controllers;
			sourceTree = "<group>";
		};
		770AE52C1DEC5730007AF924 /* View */ = {
			isa = PBXGroup;
			children = (
				770AE5311DEDC003007AF924 /* AnimalTableViewCell.swift */,
				7762A41E1E0025800037F72C /* RoutineView.swift */,
			);
			name = View;
			sourceTree = "<group>";
		};
		774855921DF0593500E38350 /* Helpers */ = {
			isa = PBXGroup;
			children = (
				774855931DF0594100E38350 /* PickerDialog.swift */,
			);
			name = Helpers;
			sourceTree = "<group>";
		};
		779B40C61DE86174004894FE = {
			isa = PBXGroup;
			children = (
				06F51B791DF84FEF00B485A4 /* Shared */,
				779B40D11DE86175004894FE /* Petcare */,
				779B40E61DE86175004894FE /* PetcareTests */,
				779B40F11DE86175004894FE /* PetcareUITests */,
				779B40FB1DE86175004894FE /* Petcare WatchKit App */,
				779B410A1DE86175004894FE /* Petcare WatchKit Extension */,
				779B40D01DE86175004894FE /* Products */,
				71B7A450B6F07C3D8EA5CAE0 /* Pods */,
				AE8EA5B6C0D1D80F6359AF03 /* Frameworks */,
			);
			sourceTree = "<group>";
		};
		779B40D01DE86175004894FE /* Products */ = {
			isa = PBXGroup;
			children = (
				779B40CF1DE86175004894FE /* Petcare.app */,
				779B40E31DE86175004894FE /* PetcareTests.xctest */,
				779B40EE1DE86175004894FE /* PetcareUITests.xctest */,
				779B40F71DE86175004894FE /* Petcare WatchKit App.app */,
				779B41061DE86175004894FE /* Petcare WatchKit Extension.appex */,
			);
			name = Products;
			sourceTree = "<group>";
		};
		779B40D11DE86175004894FE /* Petcare */ = {
			isa = PBXGroup;
			children = (
				066210311DF6E11900091DCC /* Petcare.entitlements */,
				774855921DF0593500E38350 /* Helpers */,
				C44C96041DEDD045004E09F9 /* Model */,
				C4D89F5A1DEDB6EC00CAB613 /* DAO */,
				0628911D1DEC5D57001390B8 /* DAO.swift */,
				0628911F1DEC5D65001390B8 /* CoreDataDAO.swift */,
				770AE52C1DEC5730007AF924 /* View */,
				770AE5291DEC55F0007AF924 /* Controllers */,
				779B40D21DE86175004894FE /* AppDelegate.swift */,
				779B40D41DE86175004894FE /* ViewController.swift */,
				779B40D61DE86175004894FE /* Main.storyboard */,
				779B40D91DE86175004894FE /* Assets.xcassets */,
				779B40DB1DE86175004894FE /* LaunchScreen.storyboard */,
				779B40DE1DE86175004894FE /* Info.plist */,
				C4D47E351DFECF1C002C7663 /* Petcare.xcdatamodel */,
			);
			path = Petcare;
			sourceTree = "<group>";
		};
		779B40E61DE86175004894FE /* PetcareTests */ = {
			isa = PBXGroup;
			children = (
				779B40E71DE86175004894FE /* PetcareTests.swift */,
				779B40E91DE86175004894FE /* Info.plist */,
			);
			path = PetcareTests;
			sourceTree = "<group>";
		};
		779B40F11DE86175004894FE /* PetcareUITests */ = {
			isa = PBXGroup;
			children = (
				779B40F21DE86175004894FE /* PetcareUITests.swift */,
				779B40F41DE86175004894FE /* Info.plist */,
			);
			path = PetcareUITests;
			sourceTree = "<group>";
		};
		779B40FB1DE86175004894FE /* Petcare WatchKit App */ = {
			isa = PBXGroup;
			children = (
				067DAF361DF9E738001C929E /* Interface.storyboard */,
				066210301DF6DFF000091DCC /* Petcare WatchKit App.entitlements */,
				779B40FF1DE86175004894FE /* Assets.xcassets */,
				779B41011DE86175004894FE /* Info.plist */,
			);
			path = "Petcare WatchKit App";
			sourceTree = "<group>";
		};
		779B410A1DE86175004894FE /* Petcare WatchKit Extension */ = {
			isa = PBXGroup;
			children = (
				062A1E001DF9A461005E7C86 /* Model */,
				779B410D1DE86175004894FE /* InterfaceController.swift */,
				779B410F1DE86175004894FE /* ExtensionDelegate.swift */,
				779B41111DE86175004894FE /* NotificationController.swift */,
				779B41131DE86175004894FE /* Assets.xcassets */,
				779B41151DE86175004894FE /* Info.plist */,
				779B410B1DE86175004894FE /* Supporting Files */,
				06D895431DF82F58006E8E22 /* PetRowController.swift */,
				067DAF311DF9E2F6001C929E /* DashboardWatchController.swift */,
				063080CE1DFAED640058D32A /* ActivityController.swift */,
			);
			path = "Petcare WatchKit Extension";
			sourceTree = "<group>";
		};
		779B410B1DE86175004894FE /* Supporting Files */ = {
			isa = PBXGroup;
			children = (
				779B410C1DE86175004894FE /* PushNotificationPayload.apns */,
			);
			name = "Supporting Files";
			sourceTree = "<group>";
		};
		AE8EA5B6C0D1D80F6359AF03 /* Frameworks */ = {
			isa = PBXGroup;
			children = (
				2B4BE8513E9948478F8E6E7E /* Pods_Petcare.framework */,
				F4C390F7814FEEED0531804B /* Pods_Petcare_WatchKit_App.framework */,
				8CADA92AA318E2B593DCED91 /* Pods_Petcare_WatchKit_Extension.framework */,
				B0A52780C83762FB4273BF00 /* Pods_PetcareTests.framework */,
				01A31CB3FEA6B1742D7C9D4C /* Pods_PetcareUITests.framework */,
			);
			name = Frameworks;
			sourceTree = "<group>";
		};
		C432B8CD1DF6E95E00EB4A64 /* Routine */ = {
			isa = PBXGroup;
			children = (
				C4D47E091DFECE6B002C7663 /* Routine.swift */,
				C4D47E0A1DFECE6B002C7663 /* Routine+CoreDataProperties.swift */,
			);
			name = Routine;
			sourceTree = "<group>";
		};
		C44C96041DEDD045004E09F9 /* Model */ = {
			isa = PBXGroup;
			children = (
				C432B8CD1DF6E95E00EB4A64 /* Routine */,
				06AB41BC1DF04DC20093EA9A /* Veterinary */,
				06AB41BB1DF04D980093EA9A /* Appoitment */,
				C44C962A1DEDD115004E09F9 /* Pet */,
				C4D47E5F1DFED4F5002C7663 /* Nails */,
				C44C960C1DEDD0D3004E09F9 /* Bath */,
				C44C960F1DEDD0D3004E09F9 /* Vaccination */,
				C44C96121DEDD0D3004E09F9 /* Recreation */,
				C44C96151DEDD0D3004E09F9 /* Teeth */,
				C44C96181DEDD0D3004E09F9 /* Deworming */,
				C44C961B1DEDD0D3004E09F9 /* Hair */,
			);
			name = Model;
			sourceTree = "<group>";
		};
		C44C960C1DEDD0D3004E09F9 /* Bath */ = {
			isa = PBXGroup;
			children = (
				C4D47E531DFED4CF002C7663 /* Bath.swift */,
				C4D47E541DFED4CF002C7663 /* Bath+CoreDataProperties.swift */,
			);
			name = Bath;
			path = ..;
			sourceTree = "<group>";
		};
		C44C960F1DEDD0D3004E09F9 /* Vaccination */ = {
			isa = PBXGroup;
			children = (
				C4D47E6C1DFED53B002C7663 /* Vaccination.swift */,
				C4D47E6D1DFED53B002C7663 /* Vaccination+CoreDataProperties.swift */,
			);
			name = Vaccination;
			path = ..;
			sourceTree = "<group>";
		};
		C44C96121DEDD0D3004E09F9 /* Recreation */ = {
			isa = PBXGroup;
			children = (
				C4D47E641DFED529002C7663 /* Recreation.swift */,
				C4D47E651DFED529002C7663 /* Recreation+CoreDataProperties.swift */,
			);
			name = Recreation;
			path = ..;
			sourceTree = "<group>";
		};
		C44C96151DEDD0D3004E09F9 /* Teeth */ = {
			isa = PBXGroup;
			children = (
				C4D47E681DFED532002C7663 /* Teeth.swift */,
				C4D47E691DFED532002C7663 /* Teeth+CoreDataProperties.swift */,
			);
			name = Teeth;
			path = ..;
			sourceTree = "<group>";
		};
		C44C96181DEDD0D3004E09F9 /* Deworming */ = {
			isa = PBXGroup;
			children = (
				C4D47E571DFED4DA002C7663 /* Deworming.swift */,
				C4D47E581DFED4DA002C7663 /* Deworming+CoreDataProperties.swift */,
			);
			name = Deworming;
			path = ..;
			sourceTree = "<group>";
		};
		C44C961B1DEDD0D3004E09F9 /* Hair */ = {
			isa = PBXGroup;
			children = (
				C4D47E5B1DFED4DF002C7663 /* Hair.swift */,
				C4D47E5C1DFED4DF002C7663 /* Hair+CoreDataProperties.swift */,
			);
			name = Hair;
			path = ..;
			sourceTree = "<group>";
		};
		C44C962A1DEDD115004E09F9 /* Pet */ = {
			isa = PBXGroup;
			children = (
				C4D47E151DFECEB0002C7663 /* Pet.swift */,
				C4D47E161DFECEB0002C7663 /* Pet+CoreDataProperties.swift */,
			);
			name = Pet;
			sourceTree = "<group>";
		};
		C4D47E5F1DFED4F5002C7663 /* Nails */ = {
			isa = PBXGroup;
			children = (
				C4D47E601DFED50E002C7663 /* Nails.swift */,
				C4D47E611DFED50E002C7663 /* Nails+CoreDataProperties.swift */,
			);
			name = Nails;
			sourceTree = "<group>";
		};
		C4D89F5A1DEDB6EC00CAB613 /* DAO */ = {
			isa = PBXGroup;
			children = (
			);
			name = DAO;
			sourceTree = "<group>";
		};
/* End PBXGroup section */

/* Begin PBXNativeTarget section */
		779B40CE1DE86174004894FE /* Petcare */ = {
			isa = PBXNativeTarget;
			buildConfigurationList = 779B41201DE86175004894FE /* Build configuration list for PBXNativeTarget "Petcare" */;
			buildPhases = (
				5F2E1B1FF257372AC10D6290 /* [CP] Check Pods Manifest.lock */,
				779B40CB1DE86174004894FE /* Sources */,
				779B40CC1DE86174004894FE /* Frameworks */,
				779B40CD1DE86174004894FE /* Resources */,
				779B411F1DE86175004894FE /* Embed Watch Content */,
				39681A18A14B81C7C7E80788 /* [CP] Embed Pods Frameworks */,
				20E4F5A17C714D3577EC9D94 /* [CP] Copy Pods Resources */,
			);
			buildRules = (
			);
			dependencies = (
				779B40FA1DE86175004894FE /* PBXTargetDependency */,
			);
			name = Petcare;
			productName = Petcare;
			productReference = 779B40CF1DE86175004894FE /* Petcare.app */;
			productType = "com.apple.product-type.application";
		};
		779B40E21DE86175004894FE /* PetcareTests */ = {
			isa = PBXNativeTarget;
			buildConfigurationList = 779B41231DE86175004894FE /* Build configuration list for PBXNativeTarget "PetcareTests" */;
			buildPhases = (
				151F2AF36381403BAA190F26 /* [CP] Check Pods Manifest.lock */,
				779B40DF1DE86175004894FE /* Sources */,
				779B40E01DE86175004894FE /* Frameworks */,
				779B40E11DE86175004894FE /* Resources */,
				2FE283EC6972CEB426A5E1B7 /* [CP] Embed Pods Frameworks */,
				A24DD1E1388AD815B0CDDAD6 /* [CP] Copy Pods Resources */,
			);
			buildRules = (
			);
			dependencies = (
				779B40E51DE86175004894FE /* PBXTargetDependency */,
			);
			name = PetcareTests;
			productName = PetcareTests;
			productReference = 779B40E31DE86175004894FE /* PetcareTests.xctest */;
			productType = "com.apple.product-type.bundle.unit-test";
		};
		779B40ED1DE86175004894FE /* PetcareUITests */ = {
			isa = PBXNativeTarget;
			buildConfigurationList = 779B41261DE86175004894FE /* Build configuration list for PBXNativeTarget "PetcareUITests" */;
			buildPhases = (
				52531A952AEB2B488321E700 /* [CP] Check Pods Manifest.lock */,
				779B40EA1DE86175004894FE /* Sources */,
				779B40EB1DE86175004894FE /* Frameworks */,
				779B40EC1DE86175004894FE /* Resources */,
				134F5D2E71CDBC4EA6B4D4D4 /* [CP] Embed Pods Frameworks */,
				05F4E1FF4FC9D9D2BF05D0AA /* [CP] Copy Pods Resources */,
			);
			buildRules = (
			);
			dependencies = (
				779B40F01DE86175004894FE /* PBXTargetDependency */,
			);
			name = PetcareUITests;
			productName = PetcareUITests;
			productReference = 779B40EE1DE86175004894FE /* PetcareUITests.xctest */;
			productType = "com.apple.product-type.bundle.ui-testing";
		};
		779B40F61DE86175004894FE /* Petcare WatchKit App */ = {
			isa = PBXNativeTarget;
			buildConfigurationList = 779B411C1DE86175004894FE /* Build configuration list for PBXNativeTarget "Petcare WatchKit App" */;
			buildPhases = (
				92C8373267F92141597121A2 /* [CP] Check Pods Manifest.lock */,
				779B40F51DE86175004894FE /* Resources */,
				779B411B1DE86175004894FE /* Embed App Extensions */,
				BD0B14BC7B75D0D1B300BA6E /* Frameworks */,
				D2822C3BB3C227BB18A51DDC /* [CP] Copy Pods Resources */,
			);
			buildRules = (
			);
			dependencies = (
				779B41091DE86175004894FE /* PBXTargetDependency */,
			);
			name = "Petcare WatchKit App";
			productName = "Petcare WatchKit App";
			productReference = 779B40F71DE86175004894FE /* Petcare WatchKit App.app */;
			productType = "com.apple.product-type.application.watchapp2";
		};
		779B41051DE86175004894FE /* Petcare WatchKit Extension */ = {
			isa = PBXNativeTarget;
			buildConfigurationList = 779B41181DE86175004894FE /* Build configuration list for PBXNativeTarget "Petcare WatchKit Extension" */;
			buildPhases = (
				4A800F3840808676A0187E06 /* [CP] Check Pods Manifest.lock */,
				779B41021DE86175004894FE /* Sources */,
				779B41031DE86175004894FE /* Frameworks */,
				779B41041DE86175004894FE /* Resources */,
				85DFD1AD32E4ECA6CB6A1F0D /* [CP] Embed Pods Frameworks */,
				E0CFB8DDA5029757CAF1DC41 /* [CP] Copy Pods Resources */,
			);
			buildRules = (
			);
			dependencies = (
			);
			name = "Petcare WatchKit Extension";
			productName = "Petcare WatchKit Extension";
			productReference = 779B41061DE86175004894FE /* Petcare WatchKit Extension.appex */;
			productType = "com.apple.product-type.watchkit2-extension";
		};
/* End PBXNativeTarget section */

/* Begin PBXProject section */
		779B40C71DE86174004894FE /* Project object */ = {
			isa = PBXProject;
			attributes = {
				LastSwiftUpdateCheck = 0800;
				LastUpgradeCheck = 0800;
				ORGANIZATIONNAME = "Felipe Borges";
				TargetAttributes = {
					779B40CE1DE86174004894FE = {
						CreatedOnToolsVersion = 8.0;
						DevelopmentTeam = HYM62FH7NW;
						LastSwiftMigration = 0800;
						ProvisioningStyle = Automatic;
						SystemCapabilities = {
							com.apple.ApplicationGroups.iOS = {
								enabled = 1;
							};
						};
					};
					779B40E21DE86175004894FE = {
						CreatedOnToolsVersion = 8.0;
						DevelopmentTeam = HYM62FH7NW;
						ProvisioningStyle = Automatic;
						TestTargetID = 779B40CE1DE86174004894FE;
					};
					779B40ED1DE86175004894FE = {
						CreatedOnToolsVersion = 8.0;
						DevelopmentTeam = HYM62FH7NW;
						ProvisioningStyle = Automatic;
						TestTargetID = 779B40CE1DE86174004894FE;
					};
					779B40F61DE86175004894FE = {
						CreatedOnToolsVersion = 8.0;
						DevelopmentTeam = J5ZWQ2W9CE;
						ProvisioningStyle = Automatic;
						SystemCapabilities = {
							com.apple.ApplicationGroups.iOS = {
								enabled = 1;
							};
						};
					};
					779B41051DE86175004894FE = {
						CreatedOnToolsVersion = 8.0;
						DevelopmentTeam = J5ZWQ2W9CE;
						ProvisioningStyle = Automatic;
					};
				};
			};
			buildConfigurationList = 779B40CA1DE86174004894FE /* Build configuration list for PBXProject "Petcare" */;
			compatibilityVersion = "Xcode 3.2";
			developmentRegion = English;
			hasScannedForEncodings = 0;
			knownRegions = (
				en,
				Base,
			);
			mainGroup = 779B40C61DE86174004894FE;
			productRefGroup = 779B40D01DE86175004894FE /* Products */;
			projectDirPath = "";
			projectRoot = "";
			targets = (
				779B40CE1DE86174004894FE /* Petcare */,
				779B40E21DE86175004894FE /* PetcareTests */,
				779B40ED1DE86175004894FE /* PetcareUITests */,
				779B40F61DE86175004894FE /* Petcare WatchKit App */,
				779B41051DE86175004894FE /* Petcare WatchKit Extension */,
			);
		};
/* End PBXProject section */

/* Begin PBXResourcesBuildPhase section */
		779B40CD1DE86174004894FE /* Resources */ = {
			isa = PBXResourcesBuildPhase;
			buildActionMask = 2147483647;
			files = (
				779B40DD1DE86175004894FE /* LaunchScreen.storyboard in Resources */,
				779B40DA1DE86175004894FE /* Assets.xcassets in Resources */,
				779B40D81DE86175004894FE /* Main.storyboard in Resources */,
			);
			runOnlyForDeploymentPostprocessing = 0;
		};
		779B40E11DE86175004894FE /* Resources */ = {
			isa = PBXResourcesBuildPhase;
			buildActionMask = 2147483647;
			files = (
			);
			runOnlyForDeploymentPostprocessing = 0;
		};
		779B40EC1DE86175004894FE /* Resources */ = {
			isa = PBXResourcesBuildPhase;
			buildActionMask = 2147483647;
			files = (
			);
			runOnlyForDeploymentPostprocessing = 0;
		};
		779B40F51DE86175004894FE /* Resources */ = {
			isa = PBXResourcesBuildPhase;
			buildActionMask = 2147483647;
			files = (
				067DAF381DF9E738001C929E /* Interface.storyboard in Resources */,
				779B41001DE86175004894FE /* Assets.xcassets in Resources */,
			);
			runOnlyForDeploymentPostprocessing = 0;
		};
		779B41041DE86175004894FE /* Resources */ = {
			isa = PBXResourcesBuildPhase;
			buildActionMask = 2147483647;
			files = (
				779B41141DE86175004894FE /* Assets.xcassets in Resources */,
			);
			runOnlyForDeploymentPostprocessing = 0;
		};
/* End PBXResourcesBuildPhase section */

/* Begin PBXShellScriptBuildPhase section */
		05F4E1FF4FC9D9D2BF05D0AA /* [CP] Copy Pods Resources */ = {
			isa = PBXShellScriptBuildPhase;
			buildActionMask = 2147483647;
			files = (
			);
			inputPaths = (
			);
			name = "[CP] Copy Pods Resources";
			outputPaths = (
			);
			runOnlyForDeploymentPostprocessing = 0;
			shellPath = /bin/sh;
			shellScript = "\"${SRCROOT}/Pods/Target Support Files/Pods-PetcareUITests/Pods-PetcareUITests-resources.sh\"\n";
			showEnvVarsInLog = 0;
		};
		134F5D2E71CDBC4EA6B4D4D4 /* [CP] Embed Pods Frameworks */ = {
			isa = PBXShellScriptBuildPhase;
			buildActionMask = 2147483647;
			files = (
			);
			inputPaths = (
			);
			name = "[CP] Embed Pods Frameworks";
			outputPaths = (
			);
			runOnlyForDeploymentPostprocessing = 0;
			shellPath = /bin/sh;
			shellScript = "\"${SRCROOT}/Pods/Target Support Files/Pods-PetcareUITests/Pods-PetcareUITests-frameworks.sh\"\n";
			showEnvVarsInLog = 0;
		};
		151F2AF36381403BAA190F26 /* [CP] Check Pods Manifest.lock */ = {
			isa = PBXShellScriptBuildPhase;
			buildActionMask = 2147483647;
			files = (
			);
			inputPaths = (
			);
			name = "[CP] Check Pods Manifest.lock";
			outputPaths = (
			);
			runOnlyForDeploymentPostprocessing = 0;
			shellPath = /bin/sh;
			shellScript = "diff \"${PODS_ROOT}/../Podfile.lock\" \"${PODS_ROOT}/Manifest.lock\" > /dev/null\nif [ $? != 0 ] ; then\n    # print error to STDERR\n    echo \"error: The sandbox is not in sync with the Podfile.lock. Run 'pod install' or update your CocoaPods installation.\" >&2\n    exit 1\nfi\n";
			showEnvVarsInLog = 0;
		};
		20E4F5A17C714D3577EC9D94 /* [CP] Copy Pods Resources */ = {
			isa = PBXShellScriptBuildPhase;
			buildActionMask = 2147483647;
			files = (
			);
			inputPaths = (
			);
			name = "[CP] Copy Pods Resources";
			outputPaths = (
			);
			runOnlyForDeploymentPostprocessing = 0;
			shellPath = /bin/sh;
			shellScript = "\"${SRCROOT}/Pods/Target Support Files/Pods-Petcare/Pods-Petcare-resources.sh\"\n";
			showEnvVarsInLog = 0;
		};
		2FE283EC6972CEB426A5E1B7 /* [CP] Embed Pods Frameworks */ = {
			isa = PBXShellScriptBuildPhase;
			buildActionMask = 2147483647;
			files = (
			);
			inputPaths = (
			);
			name = "[CP] Embed Pods Frameworks";
			outputPaths = (
			);
			runOnlyForDeploymentPostprocessing = 0;
			shellPath = /bin/sh;
			shellScript = "\"${SRCROOT}/Pods/Target Support Files/Pods-PetcareTests/Pods-PetcareTests-frameworks.sh\"\n";
			showEnvVarsInLog = 0;
		};
		39681A18A14B81C7C7E80788 /* [CP] Embed Pods Frameworks */ = {
			isa = PBXShellScriptBuildPhase;
			buildActionMask = 2147483647;
			files = (
			);
			inputPaths = (
			);
			name = "[CP] Embed Pods Frameworks";
			outputPaths = (
			);
			runOnlyForDeploymentPostprocessing = 0;
			shellPath = /bin/sh;
			shellScript = "\"${SRCROOT}/Pods/Target Support Files/Pods-Petcare/Pods-Petcare-frameworks.sh\"\n";
			showEnvVarsInLog = 0;
		};
		4A800F3840808676A0187E06 /* [CP] Check Pods Manifest.lock */ = {
			isa = PBXShellScriptBuildPhase;
			buildActionMask = 2147483647;
			files = (
			);
			inputPaths = (
			);
			name = "[CP] Check Pods Manifest.lock";
			outputPaths = (
			);
			runOnlyForDeploymentPostprocessing = 0;
			shellPath = /bin/sh;
			shellScript = "diff \"${PODS_ROOT}/../Podfile.lock\" \"${PODS_ROOT}/Manifest.lock\" > /dev/null\nif [ $? != 0 ] ; then\n    # print error to STDERR\n    echo \"error: The sandbox is not in sync with the Podfile.lock. Run 'pod install' or update your CocoaPods installation.\" >&2\n    exit 1\nfi\n";
			showEnvVarsInLog = 0;
		};
		52531A952AEB2B488321E700 /* [CP] Check Pods Manifest.lock */ = {
			isa = PBXShellScriptBuildPhase;
			buildActionMask = 2147483647;
			files = (
			);
			inputPaths = (
			);
			name = "[CP] Check Pods Manifest.lock";
			outputPaths = (
			);
			runOnlyForDeploymentPostprocessing = 0;
			shellPath = /bin/sh;
			shellScript = "diff \"${PODS_ROOT}/../Podfile.lock\" \"${PODS_ROOT}/Manifest.lock\" > /dev/null\nif [ $? != 0 ] ; then\n    # print error to STDERR\n    echo \"error: The sandbox is not in sync with the Podfile.lock. Run 'pod install' or update your CocoaPods installation.\" >&2\n    exit 1\nfi\n";
			showEnvVarsInLog = 0;
		};
		5F2E1B1FF257372AC10D6290 /* [CP] Check Pods Manifest.lock */ = {
			isa = PBXShellScriptBuildPhase;
			buildActionMask = 2147483647;
			files = (
			);
			inputPaths = (
			);
			name = "[CP] Check Pods Manifest.lock";
			outputPaths = (
			);
			runOnlyForDeploymentPostprocessing = 0;
			shellPath = /bin/sh;
			shellScript = "diff \"${PODS_ROOT}/../Podfile.lock\" \"${PODS_ROOT}/Manifest.lock\" > /dev/null\nif [ $? != 0 ] ; then\n    # print error to STDERR\n    echo \"error: The sandbox is not in sync with the Podfile.lock. Run 'pod install' or update your CocoaPods installation.\" >&2\n    exit 1\nfi\n";
			showEnvVarsInLog = 0;
		};
		85DFD1AD32E4ECA6CB6A1F0D /* [CP] Embed Pods Frameworks */ = {
			isa = PBXShellScriptBuildPhase;
			buildActionMask = 2147483647;
			files = (
			);
			inputPaths = (
			);
			name = "[CP] Embed Pods Frameworks";
			outputPaths = (
			);
			runOnlyForDeploymentPostprocessing = 0;
			shellPath = /bin/sh;
			shellScript = "\"${SRCROOT}/Pods/Target Support Files/Pods-Petcare WatchKit Extension/Pods-Petcare WatchKit Extension-frameworks.sh\"\n";
			showEnvVarsInLog = 0;
		};
		92C8373267F92141597121A2 /* [CP] Check Pods Manifest.lock */ = {
			isa = PBXShellScriptBuildPhase;
			buildActionMask = 2147483647;
			files = (
			);
			inputPaths = (
			);
			name = "[CP] Check Pods Manifest.lock";
			outputPaths = (
			);
			runOnlyForDeploymentPostprocessing = 0;
			shellPath = /bin/sh;
			shellScript = "diff \"${PODS_ROOT}/../Podfile.lock\" \"${PODS_ROOT}/Manifest.lock\" > /dev/null\nif [ $? != 0 ] ; then\n    # print error to STDERR\n    echo \"error: The sandbox is not in sync with the Podfile.lock. Run 'pod install' or update your CocoaPods installation.\" >&2\n    exit 1\nfi\n";
			showEnvVarsInLog = 0;
		};
		A24DD1E1388AD815B0CDDAD6 /* [CP] Copy Pods Resources */ = {
			isa = PBXShellScriptBuildPhase;
			buildActionMask = 2147483647;
			files = (
			);
			inputPaths = (
			);
			name = "[CP] Copy Pods Resources";
			outputPaths = (
			);
			runOnlyForDeploymentPostprocessing = 0;
			shellPath = /bin/sh;
			shellScript = "\"${SRCROOT}/Pods/Target Support Files/Pods-PetcareTests/Pods-PetcareTests-resources.sh\"\n";
			showEnvVarsInLog = 0;
		};
		D2822C3BB3C227BB18A51DDC /* [CP] Copy Pods Resources */ = {
			isa = PBXShellScriptBuildPhase;
			buildActionMask = 2147483647;
			files = (
			);
			inputPaths = (
			);
			name = "[CP] Copy Pods Resources";
			outputPaths = (
			);
			runOnlyForDeploymentPostprocessing = 0;
			shellPath = /bin/sh;
			shellScript = "\"${SRCROOT}/Pods/Target Support Files/Pods-Petcare WatchKit App/Pods-Petcare WatchKit App-resources.sh\"\n";
			showEnvVarsInLog = 0;
		};
		E0CFB8DDA5029757CAF1DC41 /* [CP] Copy Pods Resources */ = {
			isa = PBXShellScriptBuildPhase;
			buildActionMask = 2147483647;
			files = (
			);
			inputPaths = (
			);
			name = "[CP] Copy Pods Resources";
			outputPaths = (
			);
			runOnlyForDeploymentPostprocessing = 0;
			shellPath = /bin/sh;
			shellScript = "\"${SRCROOT}/Pods/Target Support Files/Pods-Petcare WatchKit Extension/Pods-Petcare WatchKit Extension-resources.sh\"\n";
			showEnvVarsInLog = 0;
		};
/* End PBXShellScriptBuildPhase section */

/* Begin PBXSourcesBuildPhase section */
		779B40CB1DE86174004894FE /* Sources */ = {
			isa = PBXSourcesBuildPhase;
			buildActionMask = 2147483647;
			files = (
				779B40D51DE86175004894FE /* ViewController.swift in Sources */,
				C4D47E671DFED529002C7663 /* Recreation+CoreDataProperties.swift in Sources */,
				C4D47E141DFECEA9002C7663 /* Appointment+CoreDataProperties.swift in Sources */,
				C4D47E171DFECEB0002C7663 /* Pet.swift in Sources */,
				C4D47E0B1DFECE6B002C7663 /* Routine.swift in Sources */,
				770AE52B1DEC560E007AF924 /* AnimalsViewController.swift in Sources */,
				770AE5321DEDC003007AF924 /* AnimalTableViewCell.swift in Sources */,
				774855941DF0594100E38350 /* PickerDialog.swift in Sources */,
				C4D47E551DFED4CF002C7663 /* Bath.swift in Sources */,
				C4D47E6A1DFED532002C7663 /* Teeth.swift in Sources */,
				C4D47E6B1DFED532002C7663 /* Teeth+CoreDataProperties.swift in Sources */,
				C4D47E661DFED529002C7663 /* Recreation.swift in Sources */,
				C4D47E101DFECEA2002C7663 /* Veterinary+CoreDataProperties.swift in Sources */,
				C4D47E6F1DFED53B002C7663 /* Vaccination+CoreDataProperties.swift in Sources */,
				C4D47E0C1DFECE6B002C7663 /* Routine+CoreDataProperties.swift in Sources */,
				774624CF1DEF162300B78396 /* ConfirmPetViewController.swift in Sources */,
				C4D47E631DFED50E002C7663 /* Nails+CoreDataProperties.swift in Sources */,
				C4D47E181DFECEB0002C7663 /* Pet+CoreDataProperties.swift in Sources */,
				7762A41F1E0025800037F72C /* RoutineView.swift in Sources */,
				C4D47E591DFED4DA002C7663 /* Deworming.swift in Sources */,
				06AB41BE1DF0563A0093EA9A /* AppointmentController.swift in Sources */,
				C4E94E6F1DEEFCE1001C5624 /* RoutineViewController.swift in Sources */,
				779B40D31DE86175004894FE /* AppDelegate.swift in Sources */,
				C4D47E6E1DFED53B002C7663 /* Vaccination.swift in Sources */,
				C4D47E5A1DFED4DA002C7663 /* Deworming+CoreDataProperties.swift in Sources */,
				C4D47E131DFECEA9002C7663 /* Appointment.swift in Sources */,
				C4D47E0F1DFECEA2002C7663 /* Veterinary.swift in Sources */,
				0628911E1DEC5D57001390B8 /* DAO.swift in Sources */,
				C4D47E561DFED4CF002C7663 /* Bath+CoreDataProperties.swift in Sources */,
				C4D47E5D1DFED4DF002C7663 /* Hair.swift in Sources */,
				C4D47E621DFED50E002C7663 /* Nails.swift in Sources */,
				06F51B7B1DF8502500B485A4 /* WatchConnectivityManager.swift in Sources */,
				C4C004201DF99501007C1025 /* RoutineTableViewCell.swift in Sources */,
				062891261DEC6441001390B8 /* NewPetViewController.swift in Sources */,
				C4D47E361DFECF1C002C7663 /* Petcare.xcdatamodel in Sources */,
				774855881DF041FC00E38350 /* PetDashboardViewController.swift in Sources */,
				C4D47E5E1DFED4DF002C7663 /* Hair+CoreDataProperties.swift in Sources */,
				06AB41C01DF0586A0093EA9A /* VeterinaryViewController.swift in Sources */,
				062891201DEC5D65001390B8 /* CoreDataDAO.swift in Sources */,
			);
			runOnlyForDeploymentPostprocessing = 0;
		};
		779B40DF1DE86175004894FE /* Sources */ = {
			isa = PBXSourcesBuildPhase;
			buildActionMask = 2147483647;
			files = (
				779B40E81DE86175004894FE /* PetcareTests.swift in Sources */,
			);
			runOnlyForDeploymentPostprocessing = 0;
		};
		779B40EA1DE86175004894FE /* Sources */ = {
			isa = PBXSourcesBuildPhase;
			buildActionMask = 2147483647;
			files = (
				779B40F31DE86175004894FE /* PetcareUITests.swift in Sources */,
			);
			runOnlyForDeploymentPostprocessing = 0;
		};
		779B41021DE86175004894FE /* Sources */ = {
			isa = PBXSourcesBuildPhase;
			buildActionMask = 2147483647;
			files = (
				779B41121DE86175004894FE /* NotificationController.swift in Sources */,
				06C2F4311DFEE56500834730 /* BathWatch.swift in Sources */,
				779B41101DE86175004894FE /* ExtensionDelegate.swift in Sources */,
				06F51B7C1DF8515400B485A4 /* WatchConnectivityManager.swift in Sources */,
				063080CF1DFAED640058D32A /* ActivityController.swift in Sources */,
				067DAF321DF9E2F6001C929E /* DashboardWatchController.swift in Sources */,
				06D895441DF82F58006E8E22 /* PetRowController.swift in Sources */,
				062A1E021DF9A47B005E7C86 /* PetWatch.swift in Sources */,
				779B410E1DE86175004894FE /* InterfaceController.swift in Sources */,
			);
			runOnlyForDeploymentPostprocessing = 0;
		};
/* End PBXSourcesBuildPhase section */

/* Begin PBXTargetDependency section */
		779B40E51DE86175004894FE /* PBXTargetDependency */ = {
			isa = PBXTargetDependency;
			target = 779B40CE1DE86174004894FE /* Petcare */;
			targetProxy = 779B40E41DE86175004894FE /* PBXContainerItemProxy */;
		};
		779B40F01DE86175004894FE /* PBXTargetDependency */ = {
			isa = PBXTargetDependency;
			target = 779B40CE1DE86174004894FE /* Petcare */;
			targetProxy = 779B40EF1DE86175004894FE /* PBXContainerItemProxy */;
		};
		779B40FA1DE86175004894FE /* PBXTargetDependency */ = {
			isa = PBXTargetDependency;
			target = 779B40F61DE86175004894FE /* Petcare WatchKit App */;
			targetProxy = 779B40F91DE86175004894FE /* PBXContainerItemProxy */;
		};
		779B41091DE86175004894FE /* PBXTargetDependency */ = {
			isa = PBXTargetDependency;
			target = 779B41051DE86175004894FE /* Petcare WatchKit Extension */;
			targetProxy = 779B41081DE86175004894FE /* PBXContainerItemProxy */;
		};
/* End PBXTargetDependency section */

/* Begin PBXVariantGroup section */
		067DAF361DF9E738001C929E /* Interface.storyboard */ = {
			isa = PBXVariantGroup;
			children = (
				067DAF371DF9E738001C929E /* Base */,
			);
			name = Interface.storyboard;
			sourceTree = "<group>";
		};
		779B40D61DE86175004894FE /* Main.storyboard */ = {
			isa = PBXVariantGroup;
			children = (
				779B40D71DE86175004894FE /* Base */,
			);
			name = Main.storyboard;
			sourceTree = "<group>";
		};
		779B40DB1DE86175004894FE /* LaunchScreen.storyboard */ = {
			isa = PBXVariantGroup;
			children = (
				779B40DC1DE86175004894FE /* Base */,
			);
			name = LaunchScreen.storyboard;
			sourceTree = "<group>";
		};
/* End PBXVariantGroup section */

/* Begin XCBuildConfiguration section */
		779B41161DE86175004894FE /* Debug */ = {
			isa = XCBuildConfiguration;
			buildSettings = {
				ALWAYS_SEARCH_USER_PATHS = NO;
				CLANG_ANALYZER_NONNULL = YES;
				CLANG_CXX_LANGUAGE_STANDARD = "gnu++0x";
				CLANG_CXX_LIBRARY = "libc++";
				CLANG_ENABLE_MODULES = YES;
				CLANG_ENABLE_OBJC_ARC = YES;
				CLANG_WARN_BOOL_CONVERSION = YES;
				CLANG_WARN_CONSTANT_CONVERSION = YES;
				CLANG_WARN_DIRECT_OBJC_ISA_USAGE = YES_ERROR;
				CLANG_WARN_DOCUMENTATION_COMMENTS = YES;
				CLANG_WARN_EMPTY_BODY = YES;
				CLANG_WARN_ENUM_CONVERSION = YES;
				CLANG_WARN_INFINITE_RECURSION = YES;
				CLANG_WARN_INT_CONVERSION = YES;
				CLANG_WARN_OBJC_ROOT_CLASS = YES_ERROR;
				CLANG_WARN_SUSPICIOUS_MOVES = YES;
				CLANG_WARN_UNREACHABLE_CODE = YES;
				CLANG_WARN__DUPLICATE_METHOD_MATCH = YES;
				"CODE_SIGN_IDENTITY[sdk=iphoneos*]" = "iPhone Developer";
				COPY_PHASE_STRIP = NO;
				DEBUG_INFORMATION_FORMAT = dwarf;
				ENABLE_STRICT_OBJC_MSGSEND = YES;
				ENABLE_TESTABILITY = YES;
				GCC_C_LANGUAGE_STANDARD = gnu99;
				GCC_DYNAMIC_NO_PIC = NO;
				GCC_NO_COMMON_BLOCKS = YES;
				GCC_OPTIMIZATION_LEVEL = 0;
				GCC_PREPROCESSOR_DEFINITIONS = (
					"DEBUG=1",
					"$(inherited)",
				);
				GCC_WARN_64_TO_32_BIT_CONVERSION = YES;
				GCC_WARN_ABOUT_RETURN_TYPE = YES_ERROR;
				GCC_WARN_UNDECLARED_SELECTOR = YES;
				GCC_WARN_UNINITIALIZED_AUTOS = YES_AGGRESSIVE;
				GCC_WARN_UNUSED_FUNCTION = YES;
				GCC_WARN_UNUSED_VARIABLE = YES;
				IPHONEOS_DEPLOYMENT_TARGET = 10.0;
				MTL_ENABLE_DEBUG_INFO = YES;
				ONLY_ACTIVE_ARCH = YES;
				SDKROOT = iphoneos;
				SWIFT_ACTIVE_COMPILATION_CONDITIONS = DEBUG;
				SWIFT_OPTIMIZATION_LEVEL = "-Onone";
				TARGETED_DEVICE_FAMILY = "1,2";
			};
			name = Debug;
		};
		779B41171DE86175004894FE /* Release */ = {
			isa = XCBuildConfiguration;
			buildSettings = {
				ALWAYS_SEARCH_USER_PATHS = NO;
				CLANG_ANALYZER_NONNULL = YES;
				CLANG_CXX_LANGUAGE_STANDARD = "gnu++0x";
				CLANG_CXX_LIBRARY = "libc++";
				CLANG_ENABLE_MODULES = YES;
				CLANG_ENABLE_OBJC_ARC = YES;
				CLANG_WARN_BOOL_CONVERSION = YES;
				CLANG_WARN_CONSTANT_CONVERSION = YES;
				CLANG_WARN_DIRECT_OBJC_ISA_USAGE = YES_ERROR;
				CLANG_WARN_DOCUMENTATION_COMMENTS = YES;
				CLANG_WARN_EMPTY_BODY = YES;
				CLANG_WARN_ENUM_CONVERSION = YES;
				CLANG_WARN_INFINITE_RECURSION = YES;
				CLANG_WARN_INT_CONVERSION = YES;
				CLANG_WARN_OBJC_ROOT_CLASS = YES_ERROR;
				CLANG_WARN_SUSPICIOUS_MOVES = YES;
				CLANG_WARN_UNREACHABLE_CODE = YES;
				CLANG_WARN__DUPLICATE_METHOD_MATCH = YES;
				"CODE_SIGN_IDENTITY[sdk=iphoneos*]" = "iPhone Developer";
				COPY_PHASE_STRIP = NO;
				DEBUG_INFORMATION_FORMAT = "dwarf-with-dsym";
				ENABLE_NS_ASSERTIONS = NO;
				ENABLE_STRICT_OBJC_MSGSEND = YES;
				GCC_C_LANGUAGE_STANDARD = gnu99;
				GCC_NO_COMMON_BLOCKS = YES;
				GCC_WARN_64_TO_32_BIT_CONVERSION = YES;
				GCC_WARN_ABOUT_RETURN_TYPE = YES_ERROR;
				GCC_WARN_UNDECLARED_SELECTOR = YES;
				GCC_WARN_UNINITIALIZED_AUTOS = YES_AGGRESSIVE;
				GCC_WARN_UNUSED_FUNCTION = YES;
				GCC_WARN_UNUSED_VARIABLE = YES;
				IPHONEOS_DEPLOYMENT_TARGET = 10.0;
				MTL_ENABLE_DEBUG_INFO = NO;
				SDKROOT = iphoneos;
				SWIFT_OPTIMIZATION_LEVEL = "-Owholemodule";
				TARGETED_DEVICE_FAMILY = "1,2";
				VALIDATE_PRODUCT = YES;
			};
			name = Release;
		};
		779B41191DE86175004894FE /* Debug */ = {
			isa = XCBuildConfiguration;
			baseConfigurationReference = 1FDB8584CDD5000099B74081 /* Pods-Petcare WatchKit Extension.debug.xcconfig */;
			buildSettings = {
				ASSETCATALOG_COMPILER_COMPLICATION_NAME = Complication;
				DEVELOPMENT_TEAM = J5ZWQ2W9CE;
				INFOPLIST_FILE = "Petcare WatchKit Extension/Info.plist";
				LD_RUNPATH_SEARCH_PATHS = "$(inherited) @executable_path/Frameworks @executable_path/../../Frameworks";
				PRODUCT_BUNDLE_IDENTIFIER = com.kraken.Petcare.watchkitapp.watchkitextension;
				PRODUCT_NAME = "${TARGET_NAME}";
				SDKROOT = watchos;
				SKIP_INSTALL = YES;
				SWIFT_VERSION = 3.0;
				TARGETED_DEVICE_FAMILY = 4;
				WATCHOS_DEPLOYMENT_TARGET = 3.0;
			};
			name = Debug;
		};
		779B411A1DE86175004894FE /* Release */ = {
			isa = XCBuildConfiguration;
			baseConfigurationReference = CB3278B5DB07D3AD800B3A5E /* Pods-Petcare WatchKit Extension.release.xcconfig */;
			buildSettings = {
				ASSETCATALOG_COMPILER_COMPLICATION_NAME = Complication;
				DEVELOPMENT_TEAM = J5ZWQ2W9CE;
				INFOPLIST_FILE = "Petcare WatchKit Extension/Info.plist";
				LD_RUNPATH_SEARCH_PATHS = "$(inherited) @executable_path/Frameworks @executable_path/../../Frameworks";
				PRODUCT_BUNDLE_IDENTIFIER = com.kraken.Petcare.watchkitapp.watchkitextension;
				PRODUCT_NAME = "${TARGET_NAME}";
				SDKROOT = watchos;
				SKIP_INSTALL = YES;
				SWIFT_VERSION = 3.0;
				TARGETED_DEVICE_FAMILY = 4;
				WATCHOS_DEPLOYMENT_TARGET = 3.0;
			};
			name = Release;
		};
		779B411D1DE86175004894FE /* Debug */ = {
			isa = XCBuildConfiguration;
			baseConfigurationReference = F339D5D449296BC674F7F398 /* Pods-Petcare WatchKit App.debug.xcconfig */;
			buildSettings = {
				ALWAYS_EMBED_SWIFT_STANDARD_LIBRARIES = YES;
				ASSETCATALOG_COMPILER_APPICON_NAME = AppIcon;
				CODE_SIGN_ENTITLEMENTS = "Petcare WatchKit App/Petcare WatchKit App.entitlements";
				DEVELOPMENT_TEAM = J5ZWQ2W9CE;
				IBSC_MODULE = Petcare_WatchKit_Extension;
				INFOPLIST_FILE = "Petcare WatchKit App/Info.plist";
				PRODUCT_BUNDLE_IDENTIFIER = com.kraken.Petcare.watchkitapp;
				PRODUCT_NAME = "$(TARGET_NAME)";
				SDKROOT = watchos;
				SKIP_INSTALL = YES;
				SWIFT_VERSION = 3.0;
				TARGETED_DEVICE_FAMILY = 4;
				WATCHOS_DEPLOYMENT_TARGET = 3.0;
			};
			name = Debug;
		};
		779B411E1DE86175004894FE /* Release */ = {
			isa = XCBuildConfiguration;
			baseConfigurationReference = 7670A41396A6F43A4352E2D4 /* Pods-Petcare WatchKit App.release.xcconfig */;
			buildSettings = {
				ALWAYS_EMBED_SWIFT_STANDARD_LIBRARIES = YES;
				ASSETCATALOG_COMPILER_APPICON_NAME = AppIcon;
				CODE_SIGN_ENTITLEMENTS = "Petcare WatchKit App/Petcare WatchKit App.entitlements";
				DEVELOPMENT_TEAM = J5ZWQ2W9CE;
				IBSC_MODULE = Petcare_WatchKit_Extension;
				INFOPLIST_FILE = "Petcare WatchKit App/Info.plist";
				PRODUCT_BUNDLE_IDENTIFIER = com.kraken.Petcare.watchkitapp;
				PRODUCT_NAME = "$(TARGET_NAME)";
				SDKROOT = watchos;
				SKIP_INSTALL = YES;
				SWIFT_VERSION = 3.0;
				TARGETED_DEVICE_FAMILY = 4;
				WATCHOS_DEPLOYMENT_TARGET = 3.0;
			};
			name = Release;
		};
		779B41211DE86175004894FE /* Debug */ = {
			isa = XCBuildConfiguration;
			baseConfigurationReference = 7CB1FB67D5FFAF518ADC35AB /* Pods-Petcare.debug.xcconfig */;
			buildSettings = {
				ASSETCATALOG_COMPILER_APPICON_NAME = AppIcon;
				CODE_SIGN_ENTITLEMENTS = Petcare/Petcare.entitlements;
				DEVELOPMENT_TEAM = HYM62FH7NW;
				INFOPLIST_FILE = Petcare/Info.plist;
				LD_RUNPATH_SEARCH_PATHS = "$(inherited) @executable_path/Frameworks";
				PRODUCT_BUNDLE_IDENTIFIER = com.kraken.Petcare;
				PRODUCT_NAME = "$(TARGET_NAME)";
				SWIFT_VERSION = 3.0;
			};
			name = Debug;
		};
		779B41221DE86175004894FE /* Release */ = {
			isa = XCBuildConfiguration;
			baseConfigurationReference = 4BE665200DD1FF7092FB324E /* Pods-Petcare.release.xcconfig */;
			buildSettings = {
				ASSETCATALOG_COMPILER_APPICON_NAME = AppIcon;
				CODE_SIGN_ENTITLEMENTS = Petcare/Petcare.entitlements;
				DEVELOPMENT_TEAM = HYM62FH7NW;
				INFOPLIST_FILE = Petcare/Info.plist;
				LD_RUNPATH_SEARCH_PATHS = "$(inherited) @executable_path/Frameworks";
				PRODUCT_BUNDLE_IDENTIFIER = com.kraken.Petcare;
				PRODUCT_NAME = "$(TARGET_NAME)";
				SWIFT_VERSION = 3.0;
			};
			name = Release;
		};
		779B41241DE86175004894FE /* Debug */ = {
			isa = XCBuildConfiguration;
			baseConfigurationReference = F73E45046C828AEF3A504BBB /* Pods-PetcareTests.debug.xcconfig */;
			buildSettings = {
				ALWAYS_EMBED_SWIFT_STANDARD_LIBRARIES = YES;
				BUNDLE_LOADER = "$(TEST_HOST)";
				DEVELOPMENT_TEAM = HYM62FH7NW;
				INFOPLIST_FILE = PetcareTests/Info.plist;
				LD_RUNPATH_SEARCH_PATHS = "$(inherited) @executable_path/Frameworks @loader_path/Frameworks";
				PRODUCT_BUNDLE_IDENTIFIER = com.kraken.PetcareTests;
				PRODUCT_NAME = "$(TARGET_NAME)";
				SWIFT_VERSION = 3.0;
				TEST_HOST = "$(BUILT_PRODUCTS_DIR)/Petcare.app/Petcare";
			};
			name = Debug;
		};
		779B41251DE86175004894FE /* Release */ = {
			isa = XCBuildConfiguration;
			baseConfigurationReference = F086B01B1A486383CCDF43F8 /* Pods-PetcareTests.release.xcconfig */;
			buildSettings = {
				ALWAYS_EMBED_SWIFT_STANDARD_LIBRARIES = YES;
				BUNDLE_LOADER = "$(TEST_HOST)";
				DEVELOPMENT_TEAM = HYM62FH7NW;
				INFOPLIST_FILE = PetcareTests/Info.plist;
				LD_RUNPATH_SEARCH_PATHS = "$(inherited) @executable_path/Frameworks @loader_path/Frameworks";
				PRODUCT_BUNDLE_IDENTIFIER = com.kraken.PetcareTests;
				PRODUCT_NAME = "$(TARGET_NAME)";
				SWIFT_VERSION = 3.0;
				TEST_HOST = "$(BUILT_PRODUCTS_DIR)/Petcare.app/Petcare";
			};
			name = Release;
		};
		779B41271DE86175004894FE /* Debug */ = {
			isa = XCBuildConfiguration;
			baseConfigurationReference = 2DDCAB02721558472E3307D7 /* Pods-PetcareUITests.debug.xcconfig */;
			buildSettings = {
				ALWAYS_EMBED_SWIFT_STANDARD_LIBRARIES = YES;
				DEVELOPMENT_TEAM = HYM62FH7NW;
				INFOPLIST_FILE = PetcareUITests/Info.plist;
				LD_RUNPATH_SEARCH_PATHS = "$(inherited) @executable_path/Frameworks @loader_path/Frameworks";
				PRODUCT_BUNDLE_IDENTIFIER = com.kraken.PetcareUITests;
				PRODUCT_NAME = "$(TARGET_NAME)";
				SWIFT_VERSION = 3.0;
				TEST_TARGET_NAME = Petcare;
			};
			name = Debug;
		};
		779B41281DE86175004894FE /* Release */ = {
			isa = XCBuildConfiguration;
			baseConfigurationReference = E2D93F595733DD15D2318847 /* Pods-PetcareUITests.release.xcconfig */;
			buildSettings = {
				ALWAYS_EMBED_SWIFT_STANDARD_LIBRARIES = YES;
				DEVELOPMENT_TEAM = HYM62FH7NW;
				INFOPLIST_FILE = PetcareUITests/Info.plist;
				LD_RUNPATH_SEARCH_PATHS = "$(inherited) @executable_path/Frameworks @loader_path/Frameworks";
				PRODUCT_BUNDLE_IDENTIFIER = com.kraken.PetcareUITests;
				PRODUCT_NAME = "$(TARGET_NAME)";
				SWIFT_VERSION = 3.0;
				TEST_TARGET_NAME = Petcare;
			};
			name = Release;
		};
/* End XCBuildConfiguration section */

/* Begin XCConfigurationList section */
		779B40CA1DE86174004894FE /* Build configuration list for PBXProject "Petcare" */ = {
			isa = XCConfigurationList;
			buildConfigurations = (
				779B41161DE86175004894FE /* Debug */,
				779B41171DE86175004894FE /* Release */,
			);
			defaultConfigurationIsVisible = 0;
			defaultConfigurationName = Release;
		};
		779B41181DE86175004894FE /* Build configuration list for PBXNativeTarget "Petcare WatchKit Extension" */ = {
			isa = XCConfigurationList;
			buildConfigurations = (
				779B41191DE86175004894FE /* Debug */,
				779B411A1DE86175004894FE /* Release */,
			);
			defaultConfigurationIsVisible = 0;
			defaultConfigurationName = Release;
		};
		779B411C1DE86175004894FE /* Build configuration list for PBXNativeTarget "Petcare WatchKit App" */ = {
			isa = XCConfigurationList;
			buildConfigurations = (
				779B411D1DE86175004894FE /* Debug */,
				779B411E1DE86175004894FE /* Release */,
			);
			defaultConfigurationIsVisible = 0;
			defaultConfigurationName = Release;
		};
		779B41201DE86175004894FE /* Build configuration list for PBXNativeTarget "Petcare" */ = {
			isa = XCConfigurationList;
			buildConfigurations = (
				779B41211DE86175004894FE /* Debug */,
				779B41221DE86175004894FE /* Release */,
			);
			defaultConfigurationIsVisible = 0;
			defaultConfigurationName = Release;
		};
		779B41231DE86175004894FE /* Build configuration list for PBXNativeTarget "PetcareTests" */ = {
			isa = XCConfigurationList;
			buildConfigurations = (
				779B41241DE86175004894FE /* Debug */,
				779B41251DE86175004894FE /* Release */,
			);
			defaultConfigurationIsVisible = 0;
			defaultConfigurationName = Release;
		};
		779B41261DE86175004894FE /* Build configuration list for PBXNativeTarget "PetcareUITests" */ = {
			isa = XCConfigurationList;
			buildConfigurations = (
				779B41271DE86175004894FE /* Debug */,
				779B41281DE86175004894FE /* Release */,
			);
			defaultConfigurationIsVisible = 0;
			defaultConfigurationName = Release;
		};
/* End XCConfigurationList section */
	};
	rootObject = 779B40C71DE86174004894FE /* Project object */;
}
